
Microsoft Visual Studio Solution File, Format Version 12.00
# Visual Studio Version 17
VisualStudioVersion = 17.1.32414.318
MinimumVisualStudioVersion = 10.0.40219.1
Project("{FAE04EC0-301F-11D3-BF4B-00C04F79EFBC}") = "LuniiKit", "LuniiKit\LuniiKit.csproj", "{474EB47C-35BC-47FC-8219-5B1B5E5E16BB}"
EndProject
Global
	GlobalSection(SolutionConfigurationPlatforms) = preSolution
		Debug|Any CPU = Debug|Any CPU
		exe|Any CPU = exe|Any CPU
		Release|Any CPU = Release|Any CPU
		zip|Any CPU = zip|Any CPU
	EndGlobalSection
	GlobalSection(ProjectConfigurationPlatforms) = postSolution
		{474EB47C-35BC-47FC-8219-5B1B5E5E16BB}.Debug|Any CPU.ActiveCfg = Debug|Any CPU
		{474EB47C-35BC-47FC-8219-5B1B5E5E16BB}.Debug|Any CPU.Build.0 = Debug|Any CPU
		{474EB47C-35BC-47FC-8219-5B1B5E5E16BB}.exe|Any CPU.ActiveCfg = exe|Any CPU
		{474EB47C-35BC-47FC-8219-5B1B5E5E16BB}.exe|Any CPU.Build.0 = exe|Any CPU
		{474EB47C-35BC-47FC-8219-5B1B5E5E16BB}.Release|Any CPU.ActiveCfg = zip|Any CPU
		{474EB47C-35BC-47FC-8219-5B1B5E5E16BB}.Release|Any CPU.Build.0 = zip|Any CPU
		{474EB47C-35BC-47FC-8219-5B1B5E5E16BB}.zip|Any CPU.ActiveCfg = zip|Any CPU
		{474EB47C-35BC-47FC-8219-5B1B5E5E16BB}.zip|Any CPU.Build.0 = zip|Any CPU
	EndGlobalSection
	GlobalSection(SolutionProperties) = preSolution
		HideSolutionNode = FALSE
	EndGlobalSection
	GlobalSection(ExtensibilityGlobals) = postSolution
		SolutionGuid = {7B4E68A9-AAA2-4122-8C0F-653960E3E38A}
	EndGlobalSection
EndGlobal
